<?xml version="1.0" encoding="utf-8"?>
<Project ToolsVersion="4.0" xmlns="http://schemas.microsoft.com/developer/msbuild/2003">
  <ItemGroup>
    <Filter Include="Source Files">
      <UniqueIdentifier>{4FC737F1-C7A5-4376-A066-2A32D752A2FF}</UniqueIdentifier>
      <Extensions>cpp;c;cc;cxx;def;odl;idl;hpj;bat;asm;asmx</Extensions>
    </Filter>
    <Filter Include="Header Files">
      <UniqueIdentifier>{93995380-89BD-4b04-88EB-625FBE52EBFB}</UniqueIdentifier>
      <Extensions>h;hh;hpp;hxx;hm;inl;inc;xsd</Extensions>
    </Filter>
    <Filter Include="Resource Files">
      <UniqueIdentifier>{67DA6AB6-F800-4c08-8B7A-83BB121AAD01}</UniqueIdentifier>
      <Extensions>rc;ico;cur;bmp;dlg;rc2;rct;bin;rgs;gif;jpg;jpeg;jpe;resx;tiff;tif;png;wav;mfcribbon-ms</Extensions>
    </Filter>
    <Filter Include="Header Files\Controls">
      <UniqueIdentifier>{008a1c99-2291-4fd8-8afa-6bf51391028c}</UniqueIdentifier>
    </Filter>
    <Filter Include="Header Files\Modulators">
      <UniqueIdentifier>{82d2e15b-98fd-401e-83d3-51918d086ddd}</UniqueIdentifier>
    </Filter>
    <Filter Include="Source Files\Controls">
      <UniqueIdentifier>{b65e0940-33d2-4721-a63a-910cc711c832}</UniqueIdentifier>
    </Filter>
    <Filter Include="Source Files\Modulators">
      <UniqueIdentifier>{9adbd430-565d-45b6-a7f3-0630bc341d28}</UniqueIdentifier>
    </Filter>
    <Filter Include="Source Files\LCD">
      <UniqueIdentifier>{3e2f4a53-1588-42c9-8c64-15d11cf10f71}</UniqueIdentifier>
    </Filter>
    <Filter Include="Header Files\LCD">
      <UniqueIdentifier>{77a1ac1a-0eb8-4997-bb80-8878690212c5}</UniqueIdentifier>
    </Filter>
    <Filter Include="Source Files\Lib">
      <UniqueIdentifier>{a99db633-8320-46d1-a742-5304983df2f3}</UniqueIdentifier>
    </Filter>
    <Filter Include="Header Files\Lib">
      <UniqueIdentifier>{a2c70f2f-468d-4eae-9d2e-8b212503baa8}</UniqueIdentifier>
    </Filter>
  </ItemGroup>
  <ItemGroup>
    <None Include="SAM_DUE.Debug.debugger_launch.json" />
    <None Include="MM_FM_ControlUnit.ino" />
  </ItemGroup>
  <ItemGroup>
    <ClInclude Include="MM_Queue.h">
      <Filter>Header Files</Filter>
    </ClInclude>
    <ClInclude Include="dac_commands.h">
      <Filter>Header Files</Filter>
    </ClInclude>
    <ClInclude Include="__vm\MM_FM_ControlUnit.h">
      <Filter>Header Files</Filter>
    </ClInclude>
    <ClInclude Include="__vm\.MM_FM_ControlUnit.vsarduino.h">
      <Filter>Header Files</Filter>
    </ClInclude>
    <ClInclude Include="__vm\.MMSynthDue_v1_0.vsarduino.h">
      <Filter>Header Files</Filter>
    </ClInclude>
    <ClInclude Include="Constants.h">
      <Filter>Header Files</Filter>
    </ClInclude>
    <ClInclude Include="Button.h">
      <Filter>Header Files\Controls</Filter>
    </ClInclude>
    <ClInclude Include="Controls.h">
      <Filter>Header Files\Controls</Filter>
    </ClInclude>
    <ClInclude Include="Encoder.h">
      <Filter>Header Files\Controls</Filter>
    </ClInclude>
    <ClInclude Include="MM_Note.h">
      <Filter>Header Files\Modulators</Filter>
    </ClInclude>
    <ClInclude Include="Modulator.h">
      <Filter>Header Files\Modulators</Filter>
    </ClInclude>
    <ClInclude Include="MM_LFO.h">
      <Filter>Header Files\Modulators</Filter>
    </ClInclude>
    <ClInclude Include="MM_ADSR.h">
      <Filter>Header Files\Modulators</Filter>
    </ClInclude>
    <ClInclude Include="Screen.h">
      <Filter>Header Files\LCD</Filter>
    </ClInclude>
    <ClInclude Include="MM_Utils.h">
      <Filter>Header Files</Filter>
    </ClInclude>
    <ClInclude Include="lfo.h">
      <Filter>Header Files\Lib</Filter>
    </ClInclude>
    <ClInclude Include="notemap.h">
      <Filter>Header Files\Lib</Filter>
    </ClInclude>
  </ItemGroup>
  <ItemGroup>
    <ClCompile Include="MM_Queue.cpp">
      <Filter>Source Files</Filter>
    </ClCompile>
    <ClCompile Include="Button.cpp">
      <Filter>Source Files\Controls</Filter>
    </ClCompile>
    <ClCompile Include="Encoder.cpp">
      <Filter>Source Files\Controls</Filter>
    </ClCompile>
    <ClCompile Include="MM_ADSR.cpp">
      <Filter>Source Files\Modulators</Filter>
    </ClCompile>
    <ClCompile Include="MM_LFO.cpp">
      <Filter>Source Files\Modulators</Filter>
    </ClCompile>
    <ClCompile Include="MM_Note.cpp">
      <Filter>Source Files\Modulators</Filter>
    </ClCompile>
    <ClCompile Include="Screen.cpp">
      <Filter>Source Files\LCD</Filter>
    </ClCompile>
    <ClCompile Include="MM_Utils.cpp">
      <Filter>Source Files</Filter>
    </ClCompile>
    <ClCompile Include="lfo.cpp">
      <Filter>Source Files\Lib</Filter>
    </ClCompile>
    <ClCompile Include="notemap.cpp">
      <Filter>Source Files\Lib</Filter>
    </ClCompile>
  </ItemGroup>
</Project>